// !$*UTF8*$!
{
	archiveVersion = 1;
	classes = {
	};
	objectVersion = 46;
	objects = {

/* Begin PBXBuildFile section */
		93930B89182085FB001C9F9E /* Foundation.framework in Frameworks */ = {isa = PBXBuildFile; fileRef = 93930B88182085FB001C9F9E /* Foundation.framework */; };
		93930B8B182085FB001C9F9E /* CoreGraphics.framework in Frameworks */ = {isa = PBXBuildFile; fileRef = 93930B8A182085FB001C9F9E /* CoreGraphics.framework */; };
		93930B8D182085FB001C9F9E /* UIKit.framework in Frameworks */ = {isa = PBXBuildFile; fileRef = 93930B8C182085FB001C9F9E /* UIKit.framework */; };
		93930B93182085FB001C9F9E /* InfoPlist.strings in Resources */ = {isa = PBXBuildFile; fileRef = 93930B91182085FB001C9F9E /* InfoPlist.strings */; };
		93930B95182085FB001C9F9E /* main.m in Sources */ = {isa = PBXBuildFile; fileRef = 93930B94182085FB001C9F9E /* main.m */; };
		93930B99182085FB001C9F9E /* AppDelegate.m in Sources */ = {isa = PBXBuildFile; fileRef = 93930B98182085FB001C9F9E /* AppDelegate.m */; };
		93930B9C182085FB001C9F9E /* Main.storyboard in Resources */ = {isa = PBXBuildFile; fileRef = 93930B9A182085FB001C9F9E /* Main.storyboard */; };
		93930B9F182085FB001C9F9E /* ViewController.m in Sources */ = {isa = PBXBuildFile; fileRef = 93930B9E182085FB001C9F9E /* ViewController.m */; };
		93930BA1182085FB001C9F9E /* Images.xcassets in Resources */ = {isa = PBXBuildFile; fileRef = 93930BA0182085FB001C9F9E /* Images.xcassets */; };
		93930BA8182085FC001C9F9E /* XCTest.framework in Frameworks */ = {isa = PBXBuildFile; fileRef = 93930BA7182085FC001C9F9E /* XCTest.framework */; };
		93930BA9182085FC001C9F9E /* Foundation.framework in Frameworks */ = {isa = PBXBuildFile; fileRef = 93930B88182085FB001C9F9E /* Foundation.framework */; };
		93930BAA182085FC001C9F9E /* UIKit.framework in Frameworks */ = {isa = PBXBuildFile; fileRef = 93930B8C182085FB001C9F9E /* UIKit.framework */; };
		93930BB2182085FC001C9F9E /* InfoPlist.strings in Resources */ = {isa = PBXBuildFile; fileRef = 93930BB0182085FC001C9F9E /* InfoPlist.strings */; };
		93930BB4182085FC001C9F9E /* Project_HoneybadgerTests.m in Sources */ = {isa = PBXBuildFile; fileRef = 93930BB3182085FC001C9F9E /* Project_HoneybadgerTests.m */; };
/* End PBXBuildFile section */

/* Begin PBXContainerItemProxy section */
		93930BAB182085FC001C9F9E /* PBXContainerItemProxy */ = {
			isa = PBXContainerItemProxy;
			containerPortal = 93930B7D182085FB001C9F9E /* Project object */;
			proxyType = 1;
			remoteGlobalIDString = 93930B84182085FB001C9F9E;
			remoteInfo = Project_Honeybadger;
		};
/* End PBXContainerItemProxy section */

/* Begin PBXFileReference section */
		93930B85182085FB001C9F9E /* Project_Honeybadger.app */ = {isa = PBXFileReference; explicitFileType = wrapper.application; includeInIndex = 0; path = Project_Honeybadger.app; sourceTree = BUILT_PRODUCTS_DIR; };
		93930B88182085FB001C9F9E /* Foundation.framework */ = {isa = PBXFileReference; lastKnownFileType = wrapper.framework; name = Foundation.framework; path = System/Library/Frameworks/Foundation.framework; sourceTree = SDKROOT; };
		93930B8A182085FB001C9F9E /* CoreGraphics.framework */ = {isa = PBXFileReference; lastKnownFileType = wrapper.framework; name = CoreGraphics.framework; path = System/Library/Frameworks/CoreGraphics.framework; sourceTree = SDKROOT; };
		93930B8C182085FB001C9F9E /* UIKit.framework */ = {isa = PBXFileReference; lastKnownFileType = wrapper.framework; name = UIKit.framework; path = System/Library/Frameworks/UIKit.framework; sourceTree = SDKROOT; };
		93930B90182085FB001C9F9E /* Project_Honeybadger-Info.plist */ = {isa = PBXFileReference; lastKnownFileType = text.plist.xml; path = "Project_Honeybadger-Info.plist"; sourceTree = "<group>"; };
		93930B92182085FB001C9F9E /* en */ = {isa = PBXFileReference; lastKnownFileType = text.plist.strings; name = en; path = en.lproj/InfoPlist.strings; sourceTree = "<group>"; };
		93930B94182085FB001C9F9E /* main.m */ = {isa = PBXFileReference; lastKnownFileType = sourcecode.c.objc; path = main.m; sourceTree = "<group>"; };
		93930B96182085FB001C9F9E /* Project_Honeybadger-Prefix.pch */ = {isa = PBXFileReference; lastKnownFileType = sourcecode.c.h; path = "Project_Honeybadger-Prefix.pch"; sourceTree = "<group>"; };
		93930B97182085FB001C9F9E /* AppDelegate.h */ = {isa = PBXFileReference; lastKnownFileType = sourcecode.c.h; path = AppDelegate.h; sourceTree = "<group>"; };
		93930B98182085FB001C9F9E /* AppDelegate.m */ = {isa = PBXFileReference; lastKnownFileType = sourcecode.c.objc; path = AppDelegate.m; sourceTree = "<group>"; };
		93930B9B182085FB001C9F9E /* Base */ = {isa = PBXFileReference; lastKnownFileType = file.storyboard; name = Base; path = Base.lproj/Main.storyboard; sourceTree = "<group>"; };
		93930B9D182085FB001C9F9E /* ViewController.h */ = {isa = PBXFileReference; lastKnownFileType = sourcecode.c.h; path = ViewController.h; sourceTree = "<group>"; };
		93930B9E182085FB001C9F9E /* ViewController.m */ = {isa = PBXFileReference; lastKnownFileType = sourcecode.c.objc; path = ViewController.m; sourceTree = "<group>"; };
		93930BA0182085FB001C9F9E /* Images.xcassets */ = {isa = PBXFileReference; lastKnownFileType = folder.assetcatalog; path = Images.xcassets; sourceTree = "<group>"; };
		93930BA6182085FC001C9F9E /* Project_HoneybadgerTests.xctest */ = {isa = PBXFileReference; explicitFileType = wrapper.cfbundle; includeInIndex = 0; path = Project_HoneybadgerTests.xctest; sourceTree = BUILT_PRODUCTS_DIR; };
		93930BA7182085FC001C9F9E /* XCTest.framework */ = {isa = PBXFileReference; lastKnownFileType = wrapper.framework; name = XCTest.framework; path = Library/Frameworks/XCTest.framework; sourceTree = DEVELOPER_DIR; };
		93930BAF182085FC001C9F9E /* Project_HoneybadgerTests-Info.plist */ = {isa = PBXFileReference; lastKnownFileType = text.plist.xml; path = "Project_HoneybadgerTests-Info.plist"; sourceTree = "<group>"; };
		93930BB1182085FC001C9F9E /* en */ = {isa = PBXFileReference; lastKnownFileType = text.plist.strings; name = en; path = en.lproj/InfoPlist.strings; sourceTree = "<group>"; };
		93930BB3182085FC001C9F9E /* Project_HoneybadgerTests.m */ = {isa = PBXFileReference; lastKnownFileType = sourcecode.c.objc; path = Project_HoneybadgerTests.m; sourceTree = "<group>"; };
/* End PBXFileReference section */

/* Begin PBXFrameworksBuildPhase section */
		93930B82182085FB001C9F9E /* Frameworks */ = {
			isa = PBXFrameworksBuildPhase;
			buildActionMask = 2147483647;
			files = (
				93930B8B182085FB001C9F9E /* CoreGraphics.framework in Frameworks */,
				93930B8D182085FB001C9F9E /* UIKit.framework in Frameworks */,
				93930B89182085FB001C9F9E /* Foundation.framework in Frameworks */,
			);
			runOnlyForDeploymentPostprocessing = 0;
		};
		93930BA3182085FC001C9F9E /* Frameworks */ = {
			isa = PBXFrameworksBuildPhase;
			buildActionMask = 2147483647;
			files = (
				93930BA8182085FC001C9F9E /* XCTest.framework in Frameworks */,
				93930BAA182085FC001C9F9E /* UIKit.framework in Frameworks */,
				93930BA9182085FC001C9F9E /* Foundation.framework in Frameworks */,
			);
			runOnlyForDeploymentPostprocessing = 0;
		};
/* End PBXFrameworksBuildPhase section */

/* Begin PBXGroup section */
		93930B7C182085FB001C9F9E = {
			isa = PBXGroup;
			children = (
				93930B8E182085FB001C9F9E /* Project_Honeybadger */,
				93930BAD182085FC001C9F9E /* Project_HoneybadgerTests */,
				93930B87182085FB001C9F9E /* Frameworks */,
				93930B86182085FB001C9F9E /* Products */,
			);
			sourceTree = "<group>";
		};
		93930B86182085FB001C9F9E /* Products */ = {
			isa = PBXGroup;
			children = (
				93930B85182085FB001C9F9E /* Project_Honeybadger.app */,
				93930BA6182085FC001C9F9E /* Project_HoneybadgerTests.xctest */,
			);
			name = Products;
			sourceTree = "<group>";
		};
		93930B87182085FB001C9F9E /* Frameworks */ = {
			isa = PBXGroup;
			children = (
				93930B88182085FB001C9F9E /* Foundation.framework */,
				93930B8A182085FB001C9F9E /* CoreGraphics.framework */,
				93930B8C182085FB001C9F9E /* UIKit.framework */,
				93930BA7182085FC001C9F9E /* XCTest.framework */,
			);
			name = Frameworks;
			sourceTree = "<group>";
		};
		93930B8E182085FB001C9F9E /* Project_Honeybadger */ = {
			isa = PBXGroup;
			children = (
				93930B97182085FB001C9F9E /* AppDelegate.h */,
				93930B98182085FB001C9F9E /* AppDelegate.m */,
				93930B9A182085FB001C9F9E /* Main.storyboard */,
				93930B9D182085FB001C9F9E /* ViewController.h */,
				93930B9E182085FB001C9F9E /* ViewController.m */,
				93930BA0182085FB001C9F9E /* Images.xcassets */,
				93930B8F182085FB001C9F9E /* Supporting Files */,
			);
			path = Project_Honeybadger;
			sourceTree = "<group>";
		};
		93930B8F182085FB001C9F9E /* Supporting Files */ = {
			isa = PBXGroup;
			children = (
				93930B90182085FB001C9F9E /* Project_Honeybadger-Info.plist */,
				93930B91182085FB001C9F9E /* InfoPlist.strings */,
				93930B94182085FB001C9F9E /* main.m */,
				93930B96182085FB001C9F9E /* Project_Honeybadger-Prefix.pch */,
			);
			name = "Supporting Files";
			sourceTree = "<group>";
		};
		93930BAD182085FC001C9F9E /* Project_HoneybadgerTests */ = {
			isa = PBXGroup;
			children = (
				93930BB3182085FC001C9F9E /* Project_HoneybadgerTests.m */,
				93930BAE182085FC001C9F9E /* Supporting Files */,
			);
			path = Project_HoneybadgerTests;
			sourceTree = "<group>";
		};
		93930BAE182085FC001C9F9E /* Supporting Files */ = {
			isa = PBXGroup;
			children = (
				93930BAF182085FC001C9F9E /* Project_HoneybadgerTests-Info.plist */,
				93930BB0182085FC001C9F9E /* InfoPlist.strings */,
			);
			name = "Supporting Files";
			sourceTree = "<group>";
		};
/* End PBXGroup section */

/* Begin PBXNativeTarget section */
		93930B84182085FB001C9F9E /* Project_Honeybadger */ = {
			isa = PBXNativeTarget;
			buildConfigurationList = 93930BB7182085FC001C9F9E /* Build configuration list for PBXNativeTarget "Project_Honeybadger" */;
			buildPhases = (
				93930B81182085FB001C9F9E /* Sources */,
				93930B82182085FB001C9F9E /* Frameworks */,
				93930B83182085FB001C9F9E /* Resources */,
			);
			buildRules = (
			);
			dependencies = (
			);
			name = Project_Honeybadger;
			productName = Project_Honeybadger;
			productReference = 93930B85182085FB001C9F9E /* Project_Honeybadger.app */;
			productType = "com.apple.product-type.application";
		};
		93930BA5182085FC001C9F9E /* Project_HoneybadgerTests */ = {
			isa = PBXNativeTarget;
			buildConfigurationList = 93930BBA182085FC001C9F9E /* Build configuration list for PBXNativeTarget "Project_HoneybadgerTests" */;
			buildPhases = (
				93930BA2182085FC001C9F9E /* Sources */,
				93930BA3182085FC001C9F9E /* Frameworks */,
				93930BA4182085FC001C9F9E /* Resources */,
			);
			buildRules = (
			);
			dependencies = (
				93930BAC182085FC001C9F9E /* PBXTargetDependency */,
			);
			name = Project_HoneybadgerTests;
			productName = Project_HoneybadgerTests;
			productReference = 93930BA6182085FC001C9F9E /* Project_HoneybadgerTests.xctest */;
			productType = "com.apple.product-type.bundle.unit-test";
		};
/* End PBXNativeTarget section */

/* Begin PBXProject section */
		93930B7D182085FB001C9F9E /* Project object */ = {
			isa = PBXProject;
			attributes = {
				LastUpgradeCheck = 0500;
				ORGANIZATIONNAME = "Chris Yerina";
				TargetAttributes = {
					93930BA5182085FC001C9F9E = {
						TestTargetID = 93930B84182085FB001C9F9E;
					};
				};
			};
			buildConfigurationList = 93930B80182085FB001C9F9E /* Build configuration list for PBXProject "Project_Honeybadger" */;
			compatibilityVersion = "Xcode 3.2";
			developmentRegion = English;
			hasScannedForEncodings = 0;
			knownRegions = (
				en,
				Base,
			);
			mainGroup = 93930B7C182085FB001C9F9E;
			productRefGroup = 93930B86182085FB001C9F9E /* Products */;
			projectDirPath = "";
			projectRoot = "";
			targets = (
				93930B84182085FB001C9F9E /* Project_Honeybadger */,
				93930BA5182085FC001C9F9E /* Project_HoneybadgerTests */,
			);
		};
/* End PBXProject section */

/* Begin PBXResourcesBuildPhase section */
		93930B83182085FB001C9F9E /* Resources */ = {
			isa = PBXResourcesBuildPhase;
			buildActionMask = 2147483647;
			files = (
				93930BA1182085FB001C9F9E /* Images.xcassets in Resources */,
				93930B93182085FB001C9F9E /* InfoPlist.strings in Resources */,
				93930B9C182085FB001C9F9E /* Main.storyboard in Resources */,
			);
			runOnlyForDeploymentPostprocessing = 0;
		};
		93930BA4182085FC001C9F9E /* Resources */ = {
			isa = PBXResourcesBuildPhase;
			buildActionMask = 2147483647;
			files = (
				93930BB2182085FC001C9F9E /* InfoPlist.strings in Resources */,
			);
			runOnlyForDeploymentPostprocessing = 0;
		};
/* End PBXResourcesBuildPhase section */

/* Begin PBXSourcesBuildPhase section */
		93930B81182085FB001C9F9E /* Sources */ = {
			isa = PBXSourcesBuildPhase;
			buildActionMask = 2147483647;
			files = (
				93930B9F182085FB001C9F9E /* ViewController.m in Sources */,
				93930B99182085FB001C9F9E /* AppDelegate.m in Sources */,
				93930B95182085FB001C9F9E /* main.m in Sources */,
			);
			runOnlyForDeploymentPostprocessing = 0;
		};
		93930BA2182085FC001C9F9E /* Sources */ = {
			isa = PBXSourcesBuildPhase;
			buildActionMask = 2147483647;
			files = (
				93930BB4182085FC001C9F9E /* Project_HoneybadgerTests.m in Sources */,
			);
			runOnlyForDeploymentPostprocessing = 0;
		};
/* End PBXSourcesBuildPhase section */

/* Begin PBXTargetDependency section */
		93930BAC182085FC001C9F9E /* PBXTargetDependency */ = {
			isa = PBXTargetDependency;
			target = 93930B84182085FB001C9F9E /* Project_Honeybadger */;
			targetProxy = 93930BAB182085FC001C9F9E /* PBXContainerItemProxy */;
		};
/* End PBXTargetDependency section */

/* Begin PBXVariantGroup section */
		93930B91182085FB001C9F9E /* InfoPlist.strings */ = {
			isa = PBXVariantGroup;
			children = (
				93930B92182085FB001C9F9E /* en */,
			);
			name = InfoPlist.strings;
			sourceTree = "<group>";
		};
		93930B9A182085FB001C9F9E /* Main.storyboard */ = {
			isa = PBXVariantGroup;
			children = (
				93930B9B182085FB001C9F9E /* Base */,
			);
			name = Main.storyboard;
			sourceTree = "<group>";
		};
		93930BB0182085FC001C9F9E /* InfoPlist.strings */ = {
			isa = PBXVariantGroup;
			children = (
				93930BB1182085FC001C9F9E /* en */,
			);
			name = InfoPlist.strings;
			sourceTree = "<group>";
		};
/* End PBXVariantGroup section */

/* Begin XCBuildConfiguration section */
		93930BB5182085FC001C9F9E /* Debug */ = {
			isa = XCBuildConfiguration;
			buildSettings = {
				ALWAYS_SEARCH_USER_PATHS = NO;
				ARCHS = "$(ARCHS_STANDARD_INCLUDING_64_BIT)";
				CLANG_CXX_LANGUAGE_STANDARD = "gnu++0x";
				CLANG_CXX_LIBRARY = "libc++";
				CLANG_ENABLE_MODULES = YES;
				CLANG_ENABLE_OBJC_ARC = YES;
				CLANG_WARN_BOOL_CONVERSION = YES;
				CLANG_WARN_CONSTANT_CONVERSION = YES;
				CLANG_WARN_DIRECT_OBJC_ISA_USAGE = YES_ERROR;
				CLANG_WARN_EMPTY_BODY = YES;
				CLANG_WARN_ENUM_CONVERSION = YES;
				CLANG_WARN_INT_CONVERSION = YES;
				CLANG_WARN_OBJC_ROOT_CLASS = YES_ERROR;
				CLANG_WARN__DUPLICATE_METHOD_MATCH = YES;
				"CODE_SIGN_IDENTITY[sdk=iphoneos*]" = "iPhone Developer";
				COPY_PHASE_STRIP = NO;
				GCC_C_LANGUAGE_STANDARD = gnu99;
				GCC_DYNAMIC_NO_PIC = NO;
				GCC_OPTIMIZATION_LEVEL = 0;
				GCC_PREPROCESSOR_DEFINITIONS = (
					"DEBUG=1",
					"$(inherited)",
				);
				GCC_SYMBOLS_PRIVATE_EXTERN = NO;
				GCC_WARN_64_TO_32_BIT_CONVERSION = YES;
				GCC_WARN_ABOUT_RETURN_TYPE = YES_ERROR;
				GCC_WARN_UNDECLARED_SELECTOR = YES;
				GCC_WARN_UNINITIALIZED_AUTOS = YES;
				GCC_WARN_UNUSED_FUNCTION = YES;
				GCC_WARN_UNUSED_VARIABLE = YES;
				IPHONEOS_DEPLOYMENT_TARGET = 7.0;
				ONLY_ACTIVE_ARCH = YES;
				SDKROOT = iphoneos;
			};
			name = Debug;
		};
		93930BB6182085FC001C9F9E /* Release */ = {
			isa = XCBuildConfiguration;
			buildSettings = {
				ALWAYS_SEARCH_USER_PATHS = NO;
				ARCHS = "$(ARCHS_STANDARD_INCLUDING_64_BIT)";
				CLANG_CXX_LANGUAGE_STANDARD = "gnu++0x";
				CLANG_CXX_LIBRARY = "libc++";
				CLANG_ENABLE_MODULES = YES;
				CLANG_ENABLE_OBJC_ARC = YES;
				CLANG_WARN_BOOL_CONVERSION = YES;
				CLANG_WARN_CONSTANT_CONVERSION = YES;
				CLANG_WARN_DIRECT_OBJC_ISA_USAGE = YES_ERROR;
				CLANG_WARN_EMPTY_BODY = YES;
				CLANG_WARN_ENUM_CONVERSION = YES;
				CLANG_WARN_INT_CONVERSION = YES;
				CLANG_WARN_OBJC_ROOT_CLASS = YES_ERROR;
				CLANG_WARN__DUPLICATE_METHOD_MATCH = YES;
				"CODE_SIGN_IDENTITY[sdk=iphoneos*]" = "iPhone Developer";
				COPY_PHASE_STRIP = YES;
				ENABLE_NS_ASSERTIONS = NO;
				GCC_C_LANGUAGE_STANDARD = gnu99;
				GCC_WARN_64_TO_32_BIT_CONVERSION = YES;
				GCC_WARN_ABOUT_RETURN_TYPE = YES_ERROR;
				GCC_WARN_UNDECLARED_SELECTOR = YES;
				GCC_WARN_UNINITIALIZED_AUTOS = YES;
				GCC_WARN_UNUSED_FUNCTION = YES;
				GCC_WARN_UNUSED_VARIABLE = YES;
				IPHONEOS_DEPLOYMENT_TARGET = 7.0;
				SDKROOT = iphoneos;
				VALIDATE_PRODUCT = YES;
			};
			name = Release;
		};
		93930BB8182085FC001C9F9E /* Debug */ = {
			isa = XCBuildConfiguration;
			buildSettings = {
				ASSETCATALOG_COMPILER_APPICON_NAME = AppIcon;
				ASSETCATALOG_COMPILER_LAUNCHIMAGE_NAME = LaunchImage;
				GCC_PRECOMPILE_PREFIX_HEADER = YES;
				GCC_PREFIX_HEADER = "Project_Honeybadger/Project_Honeybadger-Prefix.pch";
				INFOPLIST_FILE = "Project_Honeybadger/Project_Honeybadger-Info.plist";
				PRODUCT_NAME = "$(TARGET_NAME)";
				WRAPPER_EXTENSION = app;
			};
			name = Debug;
		};
		93930BB9182085FC001C9F9E /* Release */ = {
			isa = XCBuildConfiguration;
			buildSettings = {
				ASSETCATALOG_COMPILER_APPICON_NAME = AppIcon;
				ASSETCATALOG_COMPILER_LAUNCHIMAGE_NAME = LaunchImage;
				GCC_PRECOMPILE_PREFIX_HEADER = YES;
				GCC_PREFIX_HEADER = "Project_Honeybadger/Project_Honeybadger-Prefix.pch";
				INFOPLIST_FILE = "Project_Honeybadger/Project_Honeybadger-Info.plist";
				PRODUCT_NAME = "$(TARGET_NAME)";
				WRAPPER_EXTENSION = app;
			};
			name = Release;
		};
		93930BBB182085FC001C9F9E /* Debug */ = {
			isa = XCBuildConfiguration;
			buildSettings = {
				ARCHS = "$(ARCHS_STANDARD_INCLUDING_64_BIT)";
				BUNDLE_LOADER = "$(BUILT_PRODUCTS_DIR)/Project_Honeybadger.app/Project_Honeybadger";
				FRAMEWORK_SEARCH_PATHS = (
					"$(SDKROOT)/Developer/Library/Frameworks",
					"$(inherited)",
					"$(DEVELOPER_FRAMEWORKS_DIR)",
				);
				GCC_PRECOMPILE_PREFIX_HEADER = YES;
				GCC_PREFIX_HEADER = "Project_Honeybadger/Project_Honeybadger-Prefix.pch";
				GCC_PREPROCESSOR_DEFINITIONS = (
					"DEBUG=1",
					"$(inherited)",
				);
				INFOPLIST_FILE = "Project_HoneybadgerTests/Project_HoneybadgerTests-Info.plist";
				PRODUCT_NAME = "$(TARGET_NAME)";
				TEST_HOST = "$(BUNDLE_LOADER)";
				WRAPPER_EXTENSION = xctest;
			};
			name = Debug;
		};
		93930BBC182085FC001C9F9E /* Release */ = {
			isa = XCBuildConfiguration;
			buildSettings = {
				ARCHS = "$(ARCHS_STANDARD_INCLUDING_64_BIT)";
				BUNDLE_LOADER = "$(BUILT_PRODUCTS_DIR)/Project_Honeybadger.app/Project_Honeybadger";
				FRAMEWORK_SEARCH_PATHS = (
					"$(SDKROOT)/Developer/Library/Frameworks",
					"$(inherited)",
					"$(DEVELOPER_FRAMEWORKS_DIR)",
				);
				GCC_PRECOMPILE_PREFIX_HEADER = YES;
				GCC_PREFIX_HEADER = "Project_Honeybadger/Project_Honeybadger-Prefix.pch";
				INFOPLIST_FILE = "Project_HoneybadgerTests/Project_HoneybadgerTests-Info.plist";
				PRODUCT_NAME = "$(TARGET_NAME)";
				TEST_HOST = "$(BUNDLE_LOADER)";
				WRAPPER_EXTENSION = xctest;
			};
			name = Release;
		};
/* End XCBuildConfiguration section */

/* Begin XCConfigurationList section */
		93930B80182085FB001C9F9E /* Build configuration list for PBXProject "Project_Honeybadger" */ = {
			isa = XCConfigurationList;
			buildConfigurations = (
				93930BB5182085FC001C9F9E /* Debug */,
				93930BB6182085FC001C9F9E /* Release */,
			);
			defaultConfigurationIsVisible = 0;
			defaultConfigurationName = Release;
		};
		93930BB7182085FC001C9F9E /* Build configuration list for PBXNativeTarget "Project_Honeybadger" */ = {
			isa = XCConfigurationList;
			buildConfigurations = (
				93930BB8182085FC001C9F9E /* Debug */,
				93930BB9182085FC001C9F9E /* Release */,
			);
			defaultConfigurationIsVisible = 0;
		};
		93930BBA182085FC001C9F9E /* Build configuration list for PBXNativeTarget "Project_HoneybadgerTests" */ = {
			isa = XCConfigurationList;
			buildConfigurations = (
				93930BBB182085FC001C9F9E /* Debug */,
				93930BBC182085FC001C9F9E /* Release */,
			);
			defaultConfigurationIsVisible = 0;
		};
/* End XCConfigurationList section */
	};
	rootObject = 93930B7D182085FB001C9F9E /* Project object */;
}
